{
  "name": "math_operations",
  "version": "1.0.0",
  "lockfileVersion": 1,
  "requires": true,
  "dependencies": {
    "deepsteam.js": {
      "version": "1.0.0",
      "resolved": "https://registry.npmjs.org/deepsteam.js/-/deepsteam.js-1.0.0.tgz",
      "integrity": "sha512-OljX/ETvPHHBfLweLgMYKpmj9My4qP9j0aY7jbZ8FSEP/IR6II2POFb1JTCSE5ueK2hIYx4VGZQ78BPOgHsZXA=="
    }
  }
}
